{
  "nodes": {
    "crane": {
      "inputs": {
        "nixpkgs": [
          "nixpkgs"
        ]
      },
      "locked": {
        "lastModified": 1708560786,
        "narHash": "sha256-gcTA/iq9mfrwGPQsoxVryWhCAgBwL2GJLGO/s06/0wY=",
        "owner": "ipetkov",
        "repo": "crane",
        "rev": "9a5972e2e8d0b1716cc4e42af8b75eca6914fbff",
        "type": "github"
      },
      "original": {
        "owner": "ipetkov",
        "repo": "crane",
        "type": "github"
      }
    },
    "nixpkgs": {
      "locked": {
        "lastModified": 1708626047,
        "narHash": "sha256-lu6JUSirmQ31Kipd6kpOKjX3iPMEuH292ZwHik+HmWE=",
        "owner": "nixos",
        "repo": "nixpkgs",
        "rev": "3e4736c4186b32bf42c7ed80fc32d676caf4a6f4",
        "type": "github"
      },
      "original": {
        "owner": "nixos",
        "repo": "nixpkgs",
        "type": "github"
      }
    },
    "root": {
      "inputs": {
        "crane": "crane",
        "nixpkgs": "nixpkgs"
      }
    }
  },
  "root": "root",
  "version": 7
}
